# @generated by Move, please check-in and do not edit manually.

[move]
version = 3
manifest_digest = "220D44258798D03DE239F830E42116E09772A0B24FFA7465B92444B6B5287457"
deps_digest = "F8BBB0CCB2491CA29A3DF03D6F92277A4F3574266507ACD77214D37ECA3F3082"
dependencies = [
  { id = "Sui", name = "Sui" },
]

[[move.package]]
id = "MoveStdlib"
source = { git = "https://github.com/MystenLabs/sui.git", rev = "framework/testnet", subdir = "crates\\sui-framework\\packages\\move-stdlib" }

[[move.package]]
id = "Sui"
source = { git = "https://github.com/MystenLabs/sui.git", rev = "framework/testnet", subdir = "crates/sui-framework/packages/sui-framework" }

dependencies = [
  { id = "MoveStdlib", name = "MoveStdlib" },
]

[move.toolchain-version]
compiler-version = "1.53.2"
edition = "2024"
flavor = "sui"

[env]

[env.testnet]
chain-id = "4c78adac"
original-published-id = "0xfc97c1fdb4f06c9c1e8d54da086f640cf854f8ea62edf92a2d347a94fe44d193"
latest-published-id = "0xfc97c1fdb4f06c9c1e8d54da086f640cf854f8ea62edf92a2d347a94fe44d193"
published-version = "1"
